<?xml version="1.0" encoding="utf-8"?>
<Project ToolsVersion="4.0" xmlns="http://schemas.microsoft.com/developer/msbuild/2003">
  <ItemGroup>
    <ClCompile Include="lib\imgui\imgui.cpp">
      <Filter>エンジン\imgui</Filter>
    </ClCompile>
    <ClCompile Include="lib\imgui\imgui_demo.cpp">
      <Filter>エンジン\imgui</Filter>
    </ClCompile>
    <ClCompile Include="lib\imgui\imgui_draw.cpp">
      <Filter>エンジン\imgui</Filter>
    </ClCompile>
    <ClCompile Include="lib\imgui\imgui_impl_dx12.cpp">
      <Filter>エンジン\imgui</Filter>
    </ClCompile>
    <ClCompile Include="lib\imgui\imgui_impl_win32.cpp">
      <Filter>エンジン\imgui</Filter>
    </ClCompile>
    <ClCompile Include="lib\imgui\imgui_tables.cpp">
      <Filter>エンジン\imgui</Filter>
    </ClCompile>
    <ClCompile Include="lib\imgui\imgui_widgets.cpp">
      <Filter>エンジン\imgui</Filter>
    </ClCompile>
    <ClCompile Include="Src\Engine\WIndowsAPI.cpp">
      <Filter>エンジン\windowsAPI</Filter>
    </ClCompile>
    <ClCompile Include="Src\Engine\Camera.cpp">
      <Filter>エンジン\カメラ関係</Filter>
    </ClCompile>
    <ClCompile Include="Src\Engine\ComputeShader.cpp">
      <Filter>エンジン\コンピュートシェーダー</Filter>
    </ClCompile>
    <ClCompile Include="Src\Engine\RWStructuredBuffer.cpp">
      <Filter>エンジン\コンピュートシェーダー</Filter>
    </ClCompile>
    <ClCompile Include="Src\Engine\StructuredBuffer.cpp">
      <Filter>エンジン\コンピュートシェーダー</Filter>
    </ClCompile>
    <ClCompile Include="Src\Engine\ShaderData.cpp">
      <Filter>エンジン\シェーダー管理クラス</Filter>
    </ClCompile>
    <ClCompile Include="Src\Engine\ShaderStorage.cpp">
      <Filter>エンジン\シェーダー管理クラス</Filter>
    </ClCompile>
    <ClCompile Include="Src\Engine\TextureManager.cpp">
      <Filter>エンジン\テクスチャデータ関係</Filter>
    </ClCompile>
    <ClCompile Include="Src\Engine\FbxLoader.cpp">
      <Filter>エンジン\モデルデータ関係</Filter>
    </ClCompile>
    <ClCompile Include="Src\Engine\ModelDataManager.cpp">
      <Filter>エンジン\モデルデータ関係</Filter>
    </ClCompile>
    <ClCompile Include="Src\Engine\SoundManager.cpp">
      <Filter>エンジン\音データ関係</Filter>
    </ClCompile>
    <ClCompile Include="Src\Engine\Engine.cpp">
      <Filter>エンジン\基盤関係</Filter>
    </ClCompile>
    <ClCompile Include="Src\Engine\Joycon.cpp">
      <Filter>エンジン\入力関係</Filter>
    </ClCompile>
    <ClCompile Include="Src\Raytracing\PolygonInstance.cpp">
      <Filter>レイトレーシング\加速構造体\Instance</Filter>
    </ClCompile>
    <ClCompile Include="Src\Raytracing\PolygonInstanceRegister.cpp">
      <Filter>レイトレーシング\加速構造体\InstanceRegister</Filter>
    </ClCompile>
    <ClCompile Include="Src\Raytracing\TLAS.cpp">
      <Filter>レイトレーシング\加速構造体\TLAS</Filter>
    </ClCompile>
    <ClCompile Include="Src\Raytracing\RayDescriptor.cpp">
      <Filter>レイトレーシング\基礎\ディスクリプタ</Filter>
    </ClCompile>
    <ClCompile Include="Src\Raytracing\RayRootsignature.cpp">
      <Filter>レイトレーシング\基礎\レイトレーシングルートシグネチャ</Filter>
    </ClCompile>
    <ClCompile Include="Src\Raytracing\DynamicConstBuffer.cpp">
      <Filter>レイトレーシング\基礎\動的定数バッファ</Filter>
    </ClCompile>
    <ClCompile Include="Src\Raytracing\BLAS.cpp">
      <Filter>レイトレーシング\加速構造体\BLAS</Filter>
    </ClCompile>
    <ClCompile Include="Src\Raytracing\BLASRegister.cpp">
      <Filter>レイトレーシング\加速構造体\BLAS</Filter>
    </ClCompile>
    <ClCompile Include="Src\Raytracing\HitGroup.cpp">
      <Filter>レイトレーシング\加速構造体\HitGroup</Filter>
    </ClCompile>
    <ClCompile Include="Src\Raytracing\HitGroupMgr.cpp">
      <Filter>レイトレーシング\加速構造体\HitGroup</Filter>
    </ClCompile>
    <ClCompile Include="Src\Raytracing\RaytracingPipeline.cpp">
      <Filter>レイトレーシング\基礎\レイトレーシングパイプライン</Filter>
    </ClCompile>
    <ClCompile Include="Src\Raytracing\RaytracingOutput.cpp">
      <Filter>レイトレーシング\基礎\出力</Filter>
    </ClCompile>
    <ClCompile Include="Src\Raytracing\MultiMeshLoadOBJ.cpp">
      <Filter>レイトレーシング\基礎\OBJ複数メッシュ読み込み</Filter>
    </ClCompile>
    <ClCompile Include="Src\Raytracing\RayComputeShader.cpp">
      <Filter>レイトレーシング\デノイズ\レイトレーシングコンピュートシェーダー</Filter>
    </ClCompile>
    <ClCompile Include="Src\Raytracing\RayDenoiser.cpp">
      <Filter>レイトレーシング\デノイズ\デノイザー</Filter>
    </ClCompile>
    <ClCompile Include="Src\Raytracing\ConstBuffers.cpp">
      <Filter>レイトレーシング\基礎\動的定数バッファ</Filter>
    </ClCompile>
    <ClCompile Include="Src\main.cpp">
      <Filter>アプリケーション\基本的クラス</Filter>
    </ClCompile>
    <ClCompile Include="Src\Engine\FHelper.cpp">
      <Filter>エンジン\便利系</Filter>
    </ClCompile>
    <ClCompile Include="Src\Game\DriftParticle.cpp">
      <Filter>アプリケーション\ドリフトパーティクル</Filter>
    </ClCompile>
    <ClCompile Include="Src\Game\DriftParticleMgr.cpp">
      <Filter>アプリケーション\ドリフトパーティクル</Filter>
    </ClCompile>
    <ClCompile Include="Src\Game\SceneMgr.cpp">
      <Filter>アプリケーション\シーン管理\管理</Filter>
    </ClCompile>
    <ClCompile Include="Src\Game\GameScene.cpp">
      <Filter>アプリケーション\シーン管理\シーン</Filter>
    </ClCompile>
    <ClCompile Include="Src\Game\TitleScene.cpp">
      <Filter>アプリケーション\シーン管理\シーン</Filter>
    </ClCompile>
    <ClCompile Include="Src\Game\ResultScene.cpp">
      <Filter>アプリケーション\シーン管理\シーン</Filter>
    </ClCompile>
    <ClCompile Include="Src\Engine\Pipeline.cpp">
      <Filter>エンジン\パイプライン</Filter>
    </ClCompile>
    <ClCompile Include="Src\Engine\PipelineManager.cpp">
      <Filter>エンジン\パイプライン</Filter>
    </ClCompile>
    <ClCompile Include="Src\Engine\BaseDrawData.cpp">
      <Filter>エンジン\描画データ</Filter>
    </ClCompile>
    <ClCompile Include="Src\Engine\Sprite.cpp">
      <Filter>エンジン\描画データ</Filter>
    </ClCompile>
    <ClCompile Include="Src\Engine\Input.cpp">
      <Filter>エンジン\入力関係</Filter>
    </ClCompile>
    <ClCompile Include="Src\Raytracing\OBB.cpp">
      <Filter>レイトレーシング\当たり判定</Filter>
    </ClCompile>
    <ClCompile Include="Src\Game\PlayerModel.cpp">
      <Filter>アプリケーション\プレイヤー</Filter>
    </ClCompile>
    <ClCompile Include="Src\Engine\BaseStageObject.cpp">
      <Filter>アプリケーション\ステージオブジェクト\基底クラス</Filter>
    </ClCompile>
    <ClCompile Include="Src\Game\BasicStageObject.cpp">
      <Filter>アプリケーション\ステージオブジェクト\オブジェクトクラス</Filter>
    </ClCompile>
    <ClCompile Include="Src\Engine\StageObjectMgr.cpp">
      <Filter>アプリケーション\ステージオブジェクト\管理クラス</Filter>
    </ClCompile>
    <ClCompile Include="Src\Game\FloatingStageObject.cpp">
      <Filter>アプリケーション\ステージオブジェクト\オブジェクトクラス</Filter>
    </ClCompile>
    <ClCompile Include="Src\Game\PlayerTire.cpp">
      <Filter>アプリケーション\プレイヤー</Filter>
    </ClCompile>
    <ClCompile Include="Src\Game\BoostItem.cpp">
      <Filter>アプリケーション\アイテム\アイテム</Filter>
    </ClCompile>
    <ClCompile Include="Src\Game\ShellItem.cpp">
      <Filter>アプリケーション\アイテム\アイテム</Filter>
    </ClCompile>
    <ClCompile Include="Src\Game\ShellObject.cpp">
      <Filter>アプリケーション\アイテム\甲羅オブジェクト</Filter>
    </ClCompile>
    <ClCompile Include="Src\Game\ShellObjectMgr.cpp">
      <Filter>アプリケーション\アイテム\甲羅オブジェクト</Filter>
    </ClCompile>
    <ClCompile Include="Src\Game\ItemBoxObject.cpp">
      <Filter>アプリケーション\ステージオブジェクト\オブジェクトクラス</Filter>
    </ClCompile>
    <ClCompile Include="Src\Game\Character.cpp">
      <Filter>アプリケーション\キャラクター</Filter>
    </ClCompile>
    <ClCompile Include="Src\Game\PlayerOperationObject.cpp">
      <Filter>アプリケーション\操作オブジェクト</Filter>
    </ClCompile>
    <ClCompile Include="Src\Game\FirstAIOperationObject.cpp">
      <Filter>アプリケーション\操作オブジェクト</Filter>
    </ClCompile>
    <ClCompile Include="Src\Game\FirstAIWayPoint.cpp">
      <Filter>アプリケーション\最初のAI</Filter>
    </ClCompile>
    <ClCompile Include="Src\Game\FirstAIWaypointMgr.cpp">
      <Filter>アプリケーション\最初のAI</Filter>
    </ClCompile>
    <ClCompile Include="Src\Game\GhostOperationObject.cpp">
      <Filter>アプリケーション\操作オブジェクト</Filter>
    </ClCompile>
    <ClCompile Include="Src\Game\ConcentrationLine.cpp">
      <Filter>アプリケーション\集中線</Filter>
    </ClCompile>
    <ClCompile Include="Src\Game\ConcentrationLineMgr.cpp">
      <Filter>アプリケーション\集中線</Filter>
    </ClCompile>
    <ClCompile Include="Src\Game\MugenStage.cpp">
      <Filter>アプリケーション\ステージ\各ステージ</Filter>
    </ClCompile>
    <ClCompile Include="Src\Game\ConvertGimmickInfoFromBlender.cpp">
      <Filter>アプリケーション\ステージオブジェクト\blenderからの頂点変換</Filter>
    </ClCompile>
    <ClCompile Include="Src\Game\CharacterMgr.cpp">
      <Filter>アプリケーション\キャラクター</Filter>
    </ClCompile>
    <ClCompile Include="Src\Engine\GLTF.cpp">
      <Filter>エンジン\モデルデータ関係</Filter>
    </ClCompile>
    <ClCompile Include="Src\Raytracing\RayEngine.cpp">
      <Filter>レイトレーシング\基礎\エンジン</Filter>
    </ClCompile>
    <ClCompile Include="Src\Game\RadialBlur.cpp">
      <Filter>エンジン\エフェクト\ラジアルブラー\コード</Filter>
    </ClCompile>
    <ClCompile Include="Src\Game\SceneTransition.cpp">
      <Filter>アプリケーション\シーン管理\遷移</Filter>
    </ClCompile>
    <ClCompile Include="Src\Raytracing\Bloom.cpp">
      <Filter>レイトレーシング\ポストエフェクト</Filter>
    </ClCompile>
    <ClCompile Include="Src\Game\TailLampVertex.cpp">
      <Filter>アプリケーション\キャラクター\テールランプ\頂点</Filter>
    </ClCompile>
    <ClCompile Include="Src\Game\TailLampVertexMgr.cpp">
      <Filter>アプリケーション\キャラクター\テールランプ\頂点</Filter>
    </ClCompile>
    <ClCompile Include="Src\Game\TailLamp.cpp">
      <Filter>アプリケーション\キャラクター\テールランプ\形</Filter>
    </ClCompile>
    <ClCompile Include="Src\Game\TailLampMgr.cpp">
      <Filter>アプリケーション\キャラクター\テールランプ\形</Filter>
    </ClCompile>
    <ClCompile Include="Src\Game\CharacterInclineBody.cpp" />
  </ItemGroup>
  <ItemGroup>
    <ClInclude Include="lib\imgui\imconfig.h">
      <Filter>エンジン\imgui</Filter>
    </ClInclude>
    <ClInclude Include="lib\imgui\imgui.h">
      <Filter>エンジン\imgui</Filter>
    </ClInclude>
    <ClInclude Include="lib\imgui\imgui_impl_dx12.h">
      <Filter>エンジン\imgui</Filter>
    </ClInclude>
    <ClInclude Include="lib\imgui\imgui_impl_win32.h">
      <Filter>エンジン\imgui</Filter>
    </ClInclude>
    <ClInclude Include="lib\imgui\imgui_internal.h">
      <Filter>エンジン\imgui</Filter>
    </ClInclude>
    <ClInclude Include="lib\imgui\imstb_rectpack.h">
      <Filter>エンジン\imgui</Filter>
    </ClInclude>
    <ClInclude Include="lib\imgui\imstb_textedit.h">
      <Filter>エンジン\imgui</Filter>
    </ClInclude>
    <ClInclude Include="lib\imgui\imstb_truetype.h">
      <Filter>エンジン\imgui</Filter>
    </ClInclude>
    <ClInclude Include="Src\Engine\WindowsAPI.h">
      <Filter>エンジン\windowsAPI</Filter>
    </ClInclude>
    <ClInclude Include="Src\Engine\Camera.h">
      <Filter>エンジン\カメラ関係</Filter>
    </ClInclude>
    <ClInclude Include="Src\Engine\ComputeShader.h">
      <Filter>エンジン\コンピュートシェーダー</Filter>
    </ClInclude>
    <ClInclude Include="Src\Engine\RWStructuredBuffer.h">
      <Filter>エンジン\コンピュートシェーダー</Filter>
    </ClInclude>
    <ClInclude Include="Src\Engine\StructuredBuffer.h">
      <Filter>エンジン\コンピュートシェーダー</Filter>
    </ClInclude>
    <ClInclude Include="Src\Engine\ShaderData.h">
      <Filter>エンジン\シェーダー管理クラス</Filter>
    </ClInclude>
    <ClInclude Include="Src\Engine\ShaderStorage.h">
      <Filter>エンジン\シェーダー管理クラス</Filter>
    </ClInclude>
    <ClInclude Include="Src\Engine\TextureManager.h">
      <Filter>エンジン\テクスチャデータ関係</Filter>
    </ClInclude>
    <ClInclude Include="Src\Engine\FbxLoader.h">
      <Filter>エンジン\モデルデータ関係</Filter>
    </ClInclude>
    <ClInclude Include="Src\Engine\ModelDataManager.h">
      <Filter>エンジン\モデルデータ関係</Filter>
    </ClInclude>
    <ClInclude Include="Src\Engine\SoundManager.h">
      <Filter>エンジン\音データ関係</Filter>
    </ClInclude>
    <ClInclude Include="Src\Engine\Engine.h">
      <Filter>エンジン\基盤関係</Filter>
    </ClInclude>
    <ClInclude Include="Src\Engine\Singleton.h">
      <Filter>エンジン\基盤関係</Filter>
    </ClInclude>
    <ClInclude Include="Src\Engine\Input.h">
      <Filter>エンジン\入力関係</Filter>
    </ClInclude>
    <ClInclude Include="Src\Engine\Joycon.h">
      <Filter>エンジン\入力関係</Filter>
    </ClInclude>
    <ClInclude Include="Src\Engine\FHelper.h">
      <Filter>エンジン\便利系</Filter>
    </ClInclude>
    <ClInclude Include="Src\Engine\FString.h">
      <Filter>エンジン\便利系</Filter>
    </ClInclude>
    <ClInclude Include="Src\Raytracing\PolygonInstance.h">
      <Filter>レイトレーシング\加速構造体\Instance</Filter>
    </ClInclude>
    <ClInclude Include="Src\Raytracing\PolygonInstanceRegister.h">
      <Filter>レイトレーシング\加速構造体\InstanceRegister</Filter>
    </ClInclude>
    <ClInclude Include="Src\Raytracing\TLAS.h">
      <Filter>レイトレーシング\加速構造体\TLAS</Filter>
    </ClInclude>
    <ClInclude Include="Src\Raytracing\DescriptorHeapMgr.h">
      <Filter>レイトレーシング\基礎\ディスクリプタヒープ管理クラス</Filter>
    </ClInclude>
    <ClInclude Include="Src\Raytracing\RayDescriptor.h">
      <Filter>レイトレーシング\基礎\ディスクリプタ</Filter>
    </ClInclude>
    <ClInclude Include="Src\Raytracing\RayRootsignature.h">
      <Filter>レイトレーシング\基礎\レイトレーシングルートシグネチャ</Filter>
    </ClInclude>
    <ClInclude Include="Src\Raytracing\DynamicConstBuffer.h">
      <Filter>レイトレーシング\基礎\動的定数バッファ</Filter>
    </ClInclude>
    <ClInclude Include="Src\Engine\Vec.h">
      <Filter>エンジン\便利系</Filter>
    </ClInclude>
    <ClInclude Include="Src\Raytracing\BLAS.h">
      <Filter>レイトレーシング\加速構造体\BLAS</Filter>
    </ClInclude>
    <ClInclude Include="Src\Raytracing\HitGroup.h">
      <Filter>レイトレーシング\加速構造体\HitGroup</Filter>
    </ClInclude>
    <ClInclude Include="Src\Raytracing\HitGroupMgr.h">
      <Filter>レイトレーシング\加速構造体\HitGroup</Filter>
    </ClInclude>
    <ClInclude Include="Src\Raytracing\RaytracingPipeline.h">
      <Filter>レイトレーシング\基礎\レイトレーシングパイプライン</Filter>
    </ClInclude>
    <ClInclude Include="Src\Raytracing\RaytracingOutput.h">
      <Filter>レイトレーシング\基礎\出力</Filter>
    </ClInclude>
    <ClInclude Include="Src\Raytracing\MultiMeshLoadOBJ.h">
      <Filter>レイトレーシング\基礎\OBJ複数メッシュ読み込み</Filter>
    </ClInclude>
    <ClInclude Include="Src\Raytracing\RayComputeShader.h">
      <Filter>レイトレーシング\デノイズ\レイトレーシングコンピュートシェーダー</Filter>
    </ClInclude>
    <ClInclude Include="Src\Raytracing\RayDenoiser.h">
      <Filter>レイトレーシング\デノイズ\デノイザー</Filter>
    </ClInclude>
    <ClInclude Include="Src\Raytracing\ConstBuffers.h">
      <Filter>レイトレーシング\基礎\動的定数バッファ</Filter>
    </ClInclude>
    <ClInclude Include="Src\Game\DriftParticle.h">
      <Filter>アプリケーション\ドリフトパーティクル</Filter>
    </ClInclude>
    <ClInclude Include="Src\Game\DriftParticleMgr.h">
      <Filter>アプリケーション\ドリフトパーティクル</Filter>
    </ClInclude>
    <ClInclude Include="Src\Game\BaseScene.h">
      <Filter>アプリケーション\シーン管理\管理</Filter>
    </ClInclude>
    <ClInclude Include="Src\Game\SceneMgr.h">
      <Filter>アプリケーション\シーン管理\管理</Filter>
    </ClInclude>
    <ClInclude Include="Src\Game\GameScene.h">
      <Filter>アプリケーション\シーン管理\シーン</Filter>
    </ClInclude>
    <ClInclude Include="Src\Game\ResultScene.h">
      <Filter>アプリケーション\シーン管理\シーン</Filter>
    </ClInclude>
    <ClInclude Include="Src\Game\TitleScene.h">
      <Filter>アプリケーション\シーン管理\シーン</Filter>
    </ClInclude>
    <ClInclude Include="Src\Engine\Pipeline.h">
      <Filter>エンジン\パイプライン</Filter>
    </ClInclude>
    <ClInclude Include="Src\Engine\PipelineManager.h">
      <Filter>エンジン\パイプライン</Filter>
    </ClInclude>
    <ClInclude Include="Src\Engine\BaseDrawData.h">
      <Filter>エンジン\描画データ</Filter>
    </ClInclude>
    <ClInclude Include="Src\Engine\BaseSprite.h">
      <Filter>エンジン\描画データ</Filter>
    </ClInclude>
    <ClInclude Include="Src\Engine\Sprite.h">
      <Filter>エンジン\描画データ</Filter>
    </ClInclude>
    <ClInclude Include="Src\Engine\dxcapi.h">
      <Filter>エンジン\シェーダー管理クラス</Filter>
    </ClInclude>
    <ClInclude Include="Src\Raytracing\OBB.h">
      <Filter>レイトレーシング\当たり判定</Filter>
    </ClInclude>
    <ClInclude Include="Src\Raytracing\BLASRegister.h">
      <Filter>レイトレーシング\加速構造体\BLAS</Filter>
    </ClInclude>
    <ClInclude Include="Src\Game\PlayerModel.h">
      <Filter>アプリケーション\プレイヤー</Filter>
    </ClInclude>
    <ClInclude Include="Src\Engine\BaseStageObject.h">
      <Filter>アプリケーション\ステージオブジェクト\基底クラス</Filter>
    </ClInclude>
    <ClInclude Include="Src\Game\BasicStageObject.h">
      <Filter>アプリケーション\ステージオブジェクト\オブジェクトクラス</Filter>
    </ClInclude>
    <ClInclude Include="Src\Game\FloatingStageObject.h">
      <Filter>アプリケーション\ステージオブジェクト\オブジェクトクラス</Filter>
    </ClInclude>
    <ClInclude Include="Src\Engine\StageObjectMgr.h">
      <Filter>アプリケーション\ステージオブジェクト\管理クラス</Filter>
    </ClInclude>
    <ClInclude Include="Src\Game\BaseStage.h">
      <Filter>アプリケーション\ステージ\基底クラス</Filter>
    </ClInclude>
    <ClInclude Include="Src\Game\PlayerTire.h">
      <Filter>アプリケーション\プレイヤー</Filter>
    </ClInclude>
    <ClInclude Include="Src\Game\BaseItem.h">
      <Filter>アプリケーション\アイテム\アイテム</Filter>
    </ClInclude>
    <ClInclude Include="Src\Game\BoostItem.h">
      <Filter>アプリケーション\アイテム\アイテム</Filter>
    </ClInclude>
    <ClInclude Include="Src\Game\ShellItem.h">
      <Filter>アプリケーション\アイテム\アイテム</Filter>
    </ClInclude>
    <ClInclude Include="Src\Game\ShellObject.h">
      <Filter>アプリケーション\アイテム\甲羅オブジェクト</Filter>
    </ClInclude>
    <ClInclude Include="Src\Game\ShellObjectMgr.h">
      <Filter>アプリケーション\アイテム\甲羅オブジェクト</Filter>
    </ClInclude>
    <ClInclude Include="Src\Game\ItemBoxObject.h">
      <Filter>アプリケーション\ステージオブジェクト\オブジェクトクラス</Filter>
    </ClInclude>
    <ClInclude Include="Src\Game\Character.h">
      <Filter>アプリケーション\キャラクター</Filter>
    </ClInclude>
    <ClInclude Include="Src\Game\BaseOperationObject.h">
      <Filter>アプリケーション\操作オブジェクト</Filter>
    </ClInclude>
    <ClInclude Include="Src\Game\PlayerOperationObject.h">
      <Filter>アプリケーション\操作オブジェクト</Filter>
    </ClInclude>
    <ClInclude Include="Src\Game\FirstAIOperationObject.h">
      <Filter>アプリケーション\操作オブジェクト</Filter>
    </ClInclude>
    <ClInclude Include="Src\Game\FirstAIWayPoint.h">
      <Filter>アプリケーション\最初のAI</Filter>
    </ClInclude>
    <ClInclude Include="Src\Game\FirstAIWaypointMgr.h">
      <Filter>アプリケーション\最初のAI</Filter>
    </ClInclude>
    <ClInclude Include="Src\Game\GameSceneMode.h">
      <Filter>アプリケーション\ゲームモード</Filter>
    </ClInclude>
    <ClInclude Include="Src\Game\CharacterMgr.h">
      <Filter>アプリケーション\キャラクター</Filter>
    </ClInclude>
    <ClInclude Include="Src\Game\FileName.h">
      <Filter>アプリケーション\ファイル名取得</Filter>
    </ClInclude>
    <ClInclude Include="Src\Game\GhostOperationObject.h">
      <Filter>アプリケーション\操作オブジェクト</Filter>
    </ClInclude>
    <ClInclude Include="Src\Game\ConcentrationLine.h">
      <Filter>アプリケーション\集中線</Filter>
    </ClInclude>
    <ClInclude Include="Src\Game\ConcentrationLineMgr.h">
      <Filter>アプリケーション\集中線</Filter>
    </ClInclude>
    <ClInclude Include="Src\Game\MugenStage.h">
      <Filter>アプリケーション\ステージ\各ステージ</Filter>
    </ClInclude>
    <ClInclude Include="Src\Game\ConvertGimmickInfoFromBlender.h">
      <Filter>アプリケーション\ステージオブジェクト\blenderからの頂点変換</Filter>
    </ClInclude>
    <ClInclude Include="Src\Engine\GLTF.h">
      <Filter>エンジン\モデルデータ関係</Filter>
    </ClInclude>
    <ClInclude Include="Lib\glTF\tiny_gltf.h">
      <Filter>エンジン\モデルデータ関係\gltf外部</Filter>
    </ClInclude>
    <ClInclude Include="Lib\glTF\stb_image_write.h">
      <Filter>エンジン\モデルデータ関係\gltf外部</Filter>
    </ClInclude>
    <ClInclude Include="Lib\glTF\stb_image.h">
      <Filter>エンジン\モデルデータ関係\gltf外部</Filter>
    </ClInclude>
    <ClInclude Include="Lib\glTF\json.hpp">
      <Filter>エンジン\モデルデータ関係\gltf外部</Filter>
    </ClInclude>
    <ClInclude Include="Src\Raytracing\RayEngine.h">
      <Filter>レイトレーシング\基礎\エンジン</Filter>
    </ClInclude>
    <ClInclude Include="Src\Game\RadialBlur.h">
      <Filter>エンジン\エフェクト\ラジアルブラー\コード</Filter>
    </ClInclude>
    <ClInclude Include="Src\Game\SceneTransition.h">
      <Filter>アプリケーション\シーン管理\遷移</Filter>
    </ClInclude>
    <ClInclude Include="Src\Raytracing\Bloom.h">
      <Filter>レイトレーシング\ポストエフェクト</Filter>
    </ClInclude>
    <ClInclude Include="Src\Game\TailLampVertex.h">
      <Filter>アプリケーション\キャラクター\テールランプ\頂点</Filter>
    </ClInclude>
    <ClInclude Include="Src\Game\TailLampVertexMgr.h">
      <Filter>アプリケーション\キャラクター\テールランプ\頂点</Filter>
    </ClInclude>
    <ClInclude Include="Src\Game\TailLamp.h">
      <Filter>アプリケーション\キャラクター\テールランプ\形</Filter>
    </ClInclude>
    <ClInclude Include="Src\Game\TailLampMgr.h">
      <Filter>アプリケーション\キャラクター\テールランプ\形</Filter>
    </ClInclude>
    <ClInclude Include="Src\Game\BrightnessParam.h">
      <Filter>アプリケーション\トンネル</Filter>
    </ClInclude>
    <ClInclude Include="Src\Game\CharacterInclineBody.h">
      <Filter>アプリケーション\キャラクター\キャラクターの機能をまとめたクラス類</Filter>
    </ClInclude>
  </ItemGroup>
  <ItemGroup>
    <None Include="setupapi.dll">
      <Filter>エンジン\lib</Filter>
    </None>
    <None Include="hid.dll">
      <Filter>エンジン\lib</Filter>
    </None>
    <None Include="lib\imgui\imgui.ini">
      <Filter>エンジン\lib</Filter>
    </None>
    <None Include="Resource\ShaderFiles\RayTracing\RaytracingShaderHeader.hlsli">
      <Filter>レイトレーシング\シェーダー</Filter>
    </None>
  </ItemGroup>
  <ItemGroup>
    <Filter Include="エンジン">
      <UniqueIdentifier>{ac324fd8-f325-4f3b-b191-c47f622035be}</UniqueIdentifier>
    </Filter>
    <Filter Include="エンジン\入力関係">
      <UniqueIdentifier>{a87c4192-9059-419c-8d1b-c2aad7c41b4e}</UniqueIdentifier>
    </Filter>
    <Filter Include="エンジン\基盤関係">
      <UniqueIdentifier>{8f8c1f2d-02f8-410a-813b-d1ea05034a9f}</UniqueIdentifier>
    </Filter>
    <Filter Include="エンジン\カメラ関係">
      <UniqueIdentifier>{2e920129-4112-41f5-b01c-723fffb7d5e7}</UniqueIdentifier>
    </Filter>
    <Filter Include="エンジン\モデルデータ関係">
      <UniqueIdentifier>{7e4aa878-0547-469e-821a-5d93d86f0697}</UniqueIdentifier>
    </Filter>
    <Filter Include="エンジン\テクスチャデータ関係">
      <UniqueIdentifier>{e79b3ffc-21d7-4a66-b055-38aca89d7ce4}</UniqueIdentifier>
    </Filter>
    <Filter Include="エンジン\音データ関係">
      <UniqueIdentifier>{47cff5ed-1f56-401d-acad-4da2cfb92302}</UniqueIdentifier>
    </Filter>
    <Filter Include="エンジン\windowsAPI">
      <UniqueIdentifier>{576b1353-f050-461b-9393-3e6f3c1450ff}</UniqueIdentifier>
    </Filter>
    <Filter Include="エンジン\lib">
      <UniqueIdentifier>{96c25e95-efb8-4a9c-ba07-ef8a102bed4c}</UniqueIdentifier>
    </Filter>
    <Filter Include="エンジン\imgui">
      <UniqueIdentifier>{ffa1b295-43ae-4eb6-8037-4215107b6ce0}</UniqueIdentifier>
    </Filter>
    <Filter Include="アプリケーション">
      <UniqueIdentifier>{85118691-dcd2-47bf-b5c0-66c15f0cf2e5}</UniqueIdentifier>
    </Filter>
    <Filter Include="エンジン\便利系">
      <UniqueIdentifier>{25a638f1-bce9-4f0e-8bf2-aa854281a892}</UniqueIdentifier>
    </Filter>
    <Filter Include="エンジン\コンピュートシェーダー">
      <UniqueIdentifier>{99c38a50-9035-4ce5-bfc1-93064ffc4e12}</UniqueIdentifier>
    </Filter>
    <Filter Include="レイトレーシング">
      <UniqueIdentifier>{53aa4391-833f-4167-8cec-2d49f0fe089e}</UniqueIdentifier>
    </Filter>
    <Filter Include="レイトレーシング\シェーダー">
      <UniqueIdentifier>{834c0fb9-c8d1-4aa5-a7b7-020ecbb0e4dc}</UniqueIdentifier>
    </Filter>
    <Filter Include="レイトレーシング\シェーダー\コンピュートシェーダー">
      <UniqueIdentifier>{6c92c4e9-0890-4da7-8d64-c570283d8da4}</UniqueIdentifier>
    </Filter>
    <Filter Include="レイトレーシング\デノイズ">
      <UniqueIdentifier>{4c028104-f6e3-4fe3-834f-2800fcfe25e2}</UniqueIdentifier>
    </Filter>
    <Filter Include="レイトレーシング\加速構造体">
      <UniqueIdentifier>{9fd3709d-234d-43d2-bf78-e0a7cc76c585}</UniqueIdentifier>
    </Filter>
    <Filter Include="レイトレーシング\加速構造体\BLAS">
      <UniqueIdentifier>{55bd6c2a-ebbe-4ab6-a212-885bb8c66649}</UniqueIdentifier>
    </Filter>
    <Filter Include="レイトレーシング\加速構造体\TLAS">
      <UniqueIdentifier>{3b69c815-aa06-4f55-b4e4-3181b72270ae}</UniqueIdentifier>
    </Filter>
    <Filter Include="レイトレーシング\加速構造体\HitGroup">
      <UniqueIdentifier>{5769ee9c-4903-4f13-ae71-03ad8d91f268}</UniqueIdentifier>
    </Filter>
    <Filter Include="レイトレーシング\加速構造体\InstanceRegister">
      <UniqueIdentifier>{409860f1-33ce-4b9a-9f58-66ca542d38df}</UniqueIdentifier>
    </Filter>
    <Filter Include="レイトレーシング\加速構造体\Instance">
      <UniqueIdentifier>{cdfc1d28-7ae1-4274-997d-b1bcecec08c0}</UniqueIdentifier>
    </Filter>
    <Filter Include="レイトレーシング\デノイズ\レイトレーシングコンピュートシェーダー">
      <UniqueIdentifier>{96bd1db5-a349-4296-ac93-e61640036525}</UniqueIdentifier>
    </Filter>
    <Filter Include="レイトレーシング\基礎">
      <UniqueIdentifier>{45d4b72a-4649-4c10-b0ac-16a77cafbb2d}</UniqueIdentifier>
    </Filter>
    <Filter Include="レイトレーシング\基礎\ディスクリプタヒープ管理クラス">
      <UniqueIdentifier>{4b50ede0-1fbe-42ee-80a5-a61fa9896c51}</UniqueIdentifier>
    </Filter>
    <Filter Include="レイトレーシング\基礎\レイトレーシングパイプライン">
      <UniqueIdentifier>{bbf0bb9a-2986-4951-b71d-dd02558952af}</UniqueIdentifier>
    </Filter>
    <Filter Include="レイトレーシング\基礎\レイトレーシングルートシグネチャ">
      <UniqueIdentifier>{2dee10ef-ae11-407f-904a-0656717c5a8e}</UniqueIdentifier>
    </Filter>
    <Filter Include="レイトレーシング\基礎\動的定数バッファ">
      <UniqueIdentifier>{4ef98c17-6994-4e1a-81d4-6fe47737563d}</UniqueIdentifier>
    </Filter>
    <Filter Include="レイトレーシング\基礎\OBJ複数メッシュ読み込み">
      <UniqueIdentifier>{1f30ad24-57be-4298-b3fc-fd489f00d687}</UniqueIdentifier>
    </Filter>
    <Filter Include="レイトレーシング\デノイズ\デノイザー">
      <UniqueIdentifier>{7c053e35-ebff-4a0f-ab97-3b62b69316a1}</UniqueIdentifier>
    </Filter>
    <Filter Include="エンジン\シェーダー管理クラス">
      <UniqueIdentifier>{b8899956-1398-4148-9326-014897d5189b}</UniqueIdentifier>
    </Filter>
    <Filter Include="レイトレーシング\基礎\出力">
      <UniqueIdentifier>{6dc83ae1-952d-40f7-b900-340217e1209e}</UniqueIdentifier>
    </Filter>
    <Filter Include="レイトレーシング\基礎\ディスクリプタ">
      <UniqueIdentifier>{33b90ca8-cb92-4665-8159-fa0b92fce967}</UniqueIdentifier>
    </Filter>
    <Filter Include="アプリケーション\基本的クラス">
      <UniqueIdentifier>{b0feb384-4a79-42b0-9897-08a45c86c9d1}</UniqueIdentifier>
    </Filter>
    <Filter Include="エンジン\アイコン">
      <UniqueIdentifier>{299f50b9-6625-41dc-91f3-85547e1e9efd}</UniqueIdentifier>
    </Filter>
    <Filter Include="アプリケーション\プレイヤー">
      <UniqueIdentifier>{eb1a53ea-e033-4de3-9667-a4d7d1b53aa8}</UniqueIdentifier>
    </Filter>
    <Filter Include="アプリケーション\ドリフトパーティクル">
      <UniqueIdentifier>{f43c079c-78a3-44fd-9d63-8cda086f0ff5}</UniqueIdentifier>
    </Filter>
    <Filter Include="アプリケーション\シーン管理">
      <UniqueIdentifier>{bebf1805-2f15-4301-b1a5-35703fcb31b0}</UniqueIdentifier>
    </Filter>
    <Filter Include="アプリケーション\シーン管理\シーン">
      <UniqueIdentifier>{359ff94a-70a7-4f9d-8cb5-4d6bb248a7e1}</UniqueIdentifier>
    </Filter>
    <Filter Include="アプリケーション\シーン管理\管理">
      <UniqueIdentifier>{3f9012e7-9449-4727-a95f-39a2bb738758}</UniqueIdentifier>
    </Filter>
    <Filter Include="エンジン\パイプライン">
      <UniqueIdentifier>{a13175ce-5683-44c7-80e2-b660025116f1}</UniqueIdentifier>
    </Filter>
    <Filter Include="エンジン\描画データ">
      <UniqueIdentifier>{b8f3580e-6dd8-4cd5-bf78-7b6739a6c9e8}</UniqueIdentifier>
    </Filter>
    <Filter Include="レイトレーシング\当たり判定">
      <UniqueIdentifier>{d66ca974-3a97-4a18-8660-f3a0d8a50e06}</UniqueIdentifier>
    </Filter>
    <Filter Include="アプリケーション\ステージ">
      <UniqueIdentifier>{739526a6-044e-4290-a524-863aafa4bbc0}</UniqueIdentifier>
    </Filter>
    <Filter Include="アプリケーション\ステージオブジェクト">
      <UniqueIdentifier>{b3447770-dcbf-4489-9a65-3f85b704bd85}</UniqueIdentifier>
    </Filter>
    <Filter Include="アプリケーション\ステージオブジェクト\オブジェクトクラス">
      <UniqueIdentifier>{6e4a9fc4-559d-4639-bd31-2733e6973ced}</UniqueIdentifier>
    </Filter>
    <Filter Include="アプリケーション\ステージオブジェクト\管理クラス">
      <UniqueIdentifier>{3b5ea490-9c2f-4e86-b4a9-54a2310ba018}</UniqueIdentifier>
    </Filter>
    <Filter Include="アプリケーション\ステージ\基底クラス">
      <UniqueIdentifier>{c2662c27-c581-4089-af21-ea3496b6a089}</UniqueIdentifier>
    </Filter>
    <Filter Include="アプリケーション\ステージ\各ステージ">
      <UniqueIdentifier>{782b87f3-9ad1-4808-a877-0b550c36a17a}</UniqueIdentifier>
    </Filter>
    <Filter Include="アプリケーション\ステージオブジェクト\基底クラス">
      <UniqueIdentifier>{06a7671d-6332-42d7-a94b-c92b82f504cc}</UniqueIdentifier>
    </Filter>
    <Filter Include="アプリケーション\アイテム">
      <UniqueIdentifier>{4c9b79e1-043d-44af-b64a-16e32efdd7e1}</UniqueIdentifier>
    </Filter>
    <Filter Include="アプリケーション\アイテム\アイテム">
      <UniqueIdentifier>{200287fe-e061-46eb-b4ef-466912fb4f6d}</UniqueIdentifier>
    </Filter>
    <Filter Include="アプリケーション\アイテム\甲羅オブジェクト">
      <UniqueIdentifier>{40a776be-6fb4-448b-a311-5cefb581d3fe}</UniqueIdentifier>
    </Filter>
    <Filter Include="アプリケーション\キャラクター">
      <UniqueIdentifier>{a10b6b52-d2e8-42e5-9edf-0a7ebd161489}</UniqueIdentifier>
    </Filter>
    <Filter Include="アプリケーション\操作オブジェクト">
      <UniqueIdentifier>{f0941660-7e71-487e-a6fc-39dbbbc7fcb2}</UniqueIdentifier>
    </Filter>
    <Filter Include="アプリケーション\最初のAI">
      <UniqueIdentifier>{c0c95b99-3cee-4cb3-a8da-f631fb55ca83}</UniqueIdentifier>
    </Filter>
    <Filter Include="アプリケーション\ゲームモード">
      <UniqueIdentifier>{9f95babc-79d7-4973-9201-95be54069449}</UniqueIdentifier>
    </Filter>
    <Filter Include="アプリケーション\ファイル名取得">
      <UniqueIdentifier>{357f3090-008f-4fed-9626-6e89da2d8b3b}</UniqueIdentifier>
    </Filter>
    <Filter Include="アプリケーション\集中線">
      <UniqueIdentifier>{6eabc27a-26e5-40c3-a8d0-094d6eae6fd7}</UniqueIdentifier>
    </Filter>
    <Filter Include="アプリケーション\ステージオブジェクト\blenderからの頂点変換">
      <UniqueIdentifier>{014cb50a-a6e3-4121-bb63-d096a8b8a008}</UniqueIdentifier>
    </Filter>
    <Filter Include="エンジン\モデルデータ関係\gltf外部">
      <UniqueIdentifier>{26e6a8d3-a71d-43ee-81d2-e11f062c3e25}</UniqueIdentifier>
    </Filter>
    <Filter Include="レイトレーシング\基礎\エンジン">
      <UniqueIdentifier>{31c9ec33-b50a-4f1a-b277-48f67b8935a9}</UniqueIdentifier>
    </Filter>
    <Filter Include="エンジン\エフェクト">
      <UniqueIdentifier>{9ebd42c7-c989-4b14-a425-621d85c153a5}</UniqueIdentifier>
    </Filter>
    <Filter Include="エンジン\エフェクト\ラジアルブラー">
      <UniqueIdentifier>{83297a75-a47d-455b-90ec-c3acad080e4a}</UniqueIdentifier>
    </Filter>
    <Filter Include="エンジン\エフェクト\ラジアルブラー\コード">
      <UniqueIdentifier>{29b0f9e5-c3eb-48e5-957f-8b09ff07c544}</UniqueIdentifier>
    </Filter>
    <Filter Include="エンジン\エフェクト\ラジアルブラー\シェーダー">
      <UniqueIdentifier>{e6c019a3-4656-4bd5-8559-46841b0bf98a}</UniqueIdentifier>
    </Filter>
    <Filter Include="アプリケーション\シーン管理\遷移">
      <UniqueIdentifier>{cfb2932d-8d70-41cd-961b-4d9672ed5344}</UniqueIdentifier>
    </Filter>
    <Filter Include="レイトレーシング\ポストエフェクト">
      <UniqueIdentifier>{dfb1cc77-996b-4573-9ca2-f6a263e0f1e3}</UniqueIdentifier>
    </Filter>
    <Filter Include="アプリケーション\キャラクター\テールランプ">
      <UniqueIdentifier>{2a910e41-aa1d-4b42-9080-9545a42a104b}</UniqueIdentifier>
    </Filter>
    <Filter Include="アプリケーション\キャラクター\テールランプ\形">
      <UniqueIdentifier>{af850c01-8a5c-4403-9c7c-439a80d5b757}</UniqueIdentifier>
    </Filter>
    <Filter Include="アプリケーション\キャラクター\テールランプ\頂点">
      <UniqueIdentifier>{beccf10b-8453-4f89-abfd-efb4ef759503}</UniqueIdentifier>
    </Filter>
    <Filter Include="アプリケーション\トンネル">
      <UniqueIdentifier>{fcbc1d1f-9dc3-450e-9d71-e8ca08baa9c8}</UniqueIdentifier>
    </Filter>
    <Filter Include="アプリケーション\キャラクター\キャラクターの機能をまとめたクラス類">
      <UniqueIdentifier>{d6adb0e8-fe7c-4100-a17a-44ba1827ba6b}</UniqueIdentifier>
    </Filter>
  </ItemGroup>
  <ItemGroup>
    <Library Include="SetupAPI.Lib">
      <Filter>エンジン\lib</Filter>
    </Library>
  </ItemGroup>
  <ItemGroup>
    <Text Include="runxmlconf.log">
      <Filter>エンジン\lib</Filter>
    </Text>
  </ItemGroup>
  <ItemGroup>
    <Image Include="icon.ico">
      <Filter>エンジン\アイコン</Filter>
    </Image>
  </ItemGroup>
  <ItemGroup>
    <ResourceCompile Include="icon.rc">
      <Filter>エンジン\アイコン</Filter>
    </ResourceCompile>
  </ItemGroup>
  <ItemGroup>
    <FxCompile Include="Resource\ShaderFiles\WhiteMakeUpShader.hlsl">
      <Filter>レイトレーシング\シェーダー\コンピュートシェーダー</Filter>
    </FxCompile>
    <FxCompile Include="Resource\ShaderFiles\RayTracing\TireMaskComputeShader.hlsl">
      <Filter>レイトレーシング\シェーダー\コンピュートシェーダー</Filter>
    </FxCompile>
    <FxCompile Include="Resource\ShaderFiles\RayTracing\RaytracingShader.hlsl">
      <Filter>レイトレーシング\シェーダー</Filter>
    </FxCompile>
    <FxCompile Include="Resource\ShaderFiles\RayTracing\MixColorAndLuminance.hlsl">
      <Filter>レイトレーシング\シェーダー\コンピュートシェーダー</Filter>
    </FxCompile>
    <FxCompile Include="Resource\ShaderFiles\RayTracing\DenoiseBlurX.hlsl">
      <Filter>レイトレーシング\シェーダー\コンピュートシェーダー</Filter>
    </FxCompile>
    <FxCompile Include="Resource\ShaderFiles\RayTracing\DenoiseBlurY.hlsl">
      <Filter>レイトレーシング\シェーダー\コンピュートシェーダー</Filter>
    </FxCompile>
    <FxCompile Include="Resource\ShaderFiles\RayTracing\DenoiseFinal.hlsl">
      <Filter>レイトレーシング\シェーダー\コンピュートシェーダー</Filter>
    </FxCompile>
    <FxCompile Include="Resource\ShaderFiles\RadialBlur.hlsl">
      <Filter>エンジン\エフェクト\ラジアルブラー\シェーダー</Filter>
    </FxCompile>
    <FxCompile Include="Resource\ShaderFiles\RayTracing\BloomBlurX.hlsl">
      <Filter>レイトレーシング\シェーダー\コンピュートシェーダー</Filter>
    </FxCompile>
    <FxCompile Include="Resource\ShaderFiles\RayTracing\BloomBlurY.hlsl">
      <Filter>レイトレーシング\シェーダー\コンピュートシェーダー</Filter>
    </FxCompile>
    <FxCompile Include="Resource\ShaderFiles\RayTracing\BloomBlurFinal.hlsl">
      <Filter>レイトレーシング\シェーダー\コンピュートシェーダー</Filter>
    </FxCompile>
    <FxCompile Include="Resource\ShaderFiles\RayTracing\BloomMix.hlsl">
      <Filter>レイトレーシング\シェーダー\コンピュートシェーダー</Filter>
    </FxCompile>
  </ItemGroup>
</Project>